
Microsoft Visual Studio Solution File, Format Version 12.00
# Visual Studio Version 16
VisualStudioVersion = 16.0.30611.23
MinimumVisualStudioVersion = 10.0.40219.1
Project("{FAE04EC0-301F-11D3-BF4B-00C04F79EFBC}") = "AmeSpeed", "AmeSpeed\AmeSpeed.csproj", "{49FBC1B5-87C4-4B0B-BB97-EB326E2D0F4B}"
EndProject
Global
	GlobalSection(SolutionConfigurationPlatforms) = preSolution
		Debug|Any CPU = Debug|Any CPU
		Release|Any CPU = Release|Any CPU
	EndGlobalSection
	GlobalSection(ProjectConfigurationPlatforms) = postSolution
		{49FBC1B5-87C4-4B0B-BB97-EB326E2D0F4B}.Debug|Any CPU.ActiveCfg = Debug|Any CPU
		{49FBC1B5-87C4-4B0B-BB97-EB326E2D0F4B}.Debug|Any CPU.Build.0 = Debug|Any CPU
		{49FBC1B5-87C4-4B0B-BB97-EB326E2D0F4B}.Release|Any CPU.ActiveCfg = Release|Any CPU
		{49FBC1B5-87C4-4B0B-BB97-EB326E2D0F4B}.Release|Any CPU.Build.0 = Release|Any CPU
	EndGlobalSection
	GlobalSection(SolutionProperties) = preSolution
		HideSolutionNode = FALSE
	EndGlobalSection
	GlobalSection(ExtensibilityGlobals) = postSolution
		SolutionGuid = {ECAE5B3F-3A6A-4F4C-9A40-C4D5D7A96E33}
	EndGlobalSection
EndGlobal
